
Microsoft Visual Studio Solution File, Format Version 12.00
# Visual Studio Version 17
VisualStudioVersion = 17.7.34221.43
MinimumVisualStudioVersion = 10.0.40219.1
Project("{FAE04EC0-301F-11D3-BF4B-00C04F79EFBC}") = "SistemaInventario", "SistemaInventario\SistemaInventario.csproj", "{90F6D213-6DC7-437A-AD07-6224EFBF7B15}"
EndProject
Global
	GlobalSection(SolutionConfigurationPlatforms) = preSolution
		Debug|Any CPU = Debug|Any CPU
		Release|Any CPU = Release|Any CPU
	EndGlobalSection
	GlobalSection(ProjectConfigurationPlatforms) = postSolution
		{90F6D213-6DC7-437A-AD07-6224EFBF7B15}.Debug|Any CPU.ActiveCfg = Debug|Any CPU
		{90F6D213-6DC7-437A-AD07-6224EFBF7B15}.Debug|Any CPU.Build.0 = Debug|Any CPU
		{90F6D213-6DC7-437A-AD07-6224EFBF7B15}.Release|Any CPU.ActiveCfg = Release|Any CPU
		{90F6D213-6DC7-437A-AD07-6224EFBF7B15}.Release|Any CPU.Build.0 = Release|Any CPU
	EndGlobalSection
	GlobalSection(SolutionProperties) = preSolution
		HideSolutionNode = FALSE
	EndGlobalSection
	GlobalSection(ExtensibilityGlobals) = postSolution
		SolutionGuid = {D61BBAD5-603D-45C5-8B7F-C91FD4E60D92}
	EndGlobalSection
EndGlobal
